// !$*UTF8*$!
{
   archiveVersion = "1";
   objectVersion = "46";
   objects = {
      "OBJ_1" = {
         isa = "PBXProject";
         attributes = {
            LastSwiftMigration = "9999";
            LastUpgradeCheck = "9999";
         };
         buildConfigurationList = "OBJ_2";
         compatibilityVersion = "Xcode 3.2";
         developmentRegion = "en";
         hasScannedForEncodings = "0";
         knownRegions = (
            "en"
         );
         mainGroup = "OBJ_5";
         productRefGroup = "OBJ_108";
         projectDirPath = ".";
         targets = (
            "alamofire::Alamofire",
            "alamofire::SwiftPMPackageDescription",
            "swift-argument-parser::ArgumentParser",
            "swift-argument-parser::ArgumentParserToolInfo",
            "swift-argument-parser::SwiftPMPackageDescription",
            "swiftcliupdatetool::swiftCLIUpdateTool",
            "swiftcliupdatetool::SwiftPMPackageDescription",
            "swiftcliupdatetool::swiftCLIUpdateToolPackageTests::ProductTarget",
            "swiftcliupdatetool::swiftCLIUpdateToolTests"
         );
      };
      "OBJ_10" = {
         isa = "PBXFileReference";
         path = "Process.swift";
         sourceTree = "<group>";
      };
      "OBJ_100" = {
         isa = "PBXFileReference";
         path = "SequenceExtensions.swift";
         sourceTree = "<group>";
      };
      "OBJ_101" = {
         isa = "PBXFileReference";
         path = "StringExtensions.swift";
         sourceTree = "<group>";
      };
      "OBJ_102" = {
         isa = "PBXFileReference";
         path = "Tree.swift";
         sourceTree = "<group>";
      };
      "OBJ_103" = {
         isa = "PBXGroup";
         children = (
            "OBJ_104"
         );
         name = "ArgumentParserToolInfo";
         path = ".build/checkouts/swift-argument-parser/Sources/ArgumentParserToolInfo";
         sourceTree = "SOURCE_ROOT";
      };
      "OBJ_104" = {
         isa = "PBXFileReference";
         path = "ToolInfo.swift";
         sourceTree = "<group>";
      };
      "OBJ_105" = {
         isa = "PBXGroup";
         children = (
         );
         name = "GenerateManual";
         path = ".build/checkouts/swift-argument-parser/Plugins/GenerateManual";
         sourceTree = "SOURCE_ROOT";
      };
      "OBJ_106" = {
         isa = "PBXGroup";
         children = (
         );
         name = "generate-manual";
         path = ".build/checkouts/swift-argument-parser/Tools/generate-manual";
         sourceTree = "SOURCE_ROOT";
      };
      "OBJ_107" = {
         isa = "PBXFileReference";
         explicitFileType = "sourcecode.swift";
         name = "Package.swift";
         path = "/Users/Celine/Downloads/swiftCLIUpdateTool/.build/checkouts/swift-argument-parser/Package.swift";
         sourceTree = "<group>";
      };
      "OBJ_108" = {
         isa = "PBXGroup";
         children = (
            "alamofire::Alamofire::Product",
            "swift-argument-parser::ArgumentParser::Product",
            "swift-argument-parser::ArgumentParserToolInfo::Product",
            "swiftcliupdatetool::swiftCLIUpdateTool::Product",
            "swiftcliupdatetool::swiftCLIUpdateToolTests::Product"
         );
         name = "Products";
         path = "";
         sourceTree = "BUILT_PRODUCTS_DIR";
      };
      "OBJ_11" = {
         isa = "PBXFileReference";
         path = "swiftCLIUpdateTool.swift";
         sourceTree = "<group>";
      };
      "OBJ_115" = {
         isa = "XCConfigurationList";
         buildConfigurations = (
            "OBJ_116",
            "OBJ_117"
         );
         defaultConfigurationIsVisible = "0";
         defaultConfigurationName = "Release";
      };
      "OBJ_116" = {
         isa = "XCBuildConfiguration";
         buildSettings = {
            CURRENT_PROJECT_VERSION = "1";
            DRIVERKIT_DEPLOYMENT_TARGET = "19.0";
            ENABLE_TESTABILITY = "YES";
            FRAMEWORK_SEARCH_PATHS = (
               "$(inherited)",
               "$(PLATFORM_DIR)/Developer/Library/Frameworks"
            );
            HEADER_SEARCH_PATHS = (
               "$(inherited)"
            );
            INFOPLIST_FILE = "swiftCLIUpdateTool.xcodeproj/Alamofire_Info.plist";
            IPHONEOS_DEPLOYMENT_TARGET = "11.0";
            LD_RUNPATH_SEARCH_PATHS = (
               "$(inherited)",
               "$(TOOLCHAIN_DIR)/usr/lib/swift/macosx"
            );
            MACOSX_DEPLOYMENT_TARGET = "10.13";
            OTHER_CFLAGS = (
               "$(inherited)"
            );
            OTHER_LDFLAGS = (
               "$(inherited)",
               "-framework",
               "CFNetwork"
            );
            OTHER_SWIFT_FLAGS = (
               "$(inherited)"
            );
            PRODUCT_BUNDLE_IDENTIFIER = "Alamofire";
            PRODUCT_MODULE_NAME = "$(TARGET_NAME:c99extidentifier)";
            PRODUCT_NAME = "$(TARGET_NAME:c99extidentifier)";
            SKIP_INSTALL = "YES";
            SWIFT_ACTIVE_COMPILATION_CONDITIONS = (
               "$(inherited)"
            );
            SWIFT_VERSION = "5.0";
            TARGET_NAME = "Alamofire";
            TVOS_DEPLOYMENT_TARGET = "11.0";
            WATCHOS_DEPLOYMENT_TARGET = "4.0";
         };
         name = "Debug";
      };
      "OBJ_117" = {
         isa = "XCBuildConfiguration";
         buildSettings = {
            CURRENT_PROJECT_VERSION = "1";
            DRIVERKIT_DEPLOYMENT_TARGET = "19.0";
            ENABLE_TESTABILITY = "YES";
            FRAMEWORK_SEARCH_PATHS = (
               "$(inherited)",
               "$(PLATFORM_DIR)/Developer/Library/Frameworks"
            );
            HEADER_SEARCH_PATHS = (
               "$(inherited)"
            );
            INFOPLIST_FILE = "swiftCLIUpdateTool.xcodeproj/Alamofire_Info.plist";
            IPHONEOS_DEPLOYMENT_TARGET = "11.0";
            LD_RUNPATH_SEARCH_PATHS = (
               "$(inherited)",
               "$(TOOLCHAIN_DIR)/usr/lib/swift/macosx"
            );
            MACOSX_DEPLOYMENT_TARGET = "10.13";
            OTHER_CFLAGS = (
               "$(inherited)"
            );
            OTHER_LDFLAGS = (
               "$(inherited)",
               "-framework",
               "CFNetwork"
            );
            OTHER_SWIFT_FLAGS = (
               "$(inherited)"
            );
            PRODUCT_BUNDLE_IDENTIFIER = "Alamofire";
            PRODUCT_MODULE_NAME = "$(TARGET_NAME:c99extidentifier)";
            PRODUCT_NAME = "$(TARGET_NAME:c99extidentifier)";
            SKIP_INSTALL = "YES";
            SWIFT_ACTIVE_COMPILATION_CONDITIONS = (
               "$(inherited)"
            );
            SWIFT_VERSION = "5.0";
            TARGET_NAME = "Alamofire";
            TVOS_DEPLOYMENT_TARGET = "11.0";
            WATCHOS_DEPLOYMENT_TARGET = "4.0";
         };
         name = "Release";
      };
      "OBJ_118" = {
         isa = "PBXSourcesBuildPhase";
         files = (
            "OBJ_119",
            "OBJ_120",
            "OBJ_121",
            "OBJ_122",
            "OBJ_123",
            "OBJ_124",
            "OBJ_125",
            "OBJ_126",
            "OBJ_127",
            "OBJ_128",
            "OBJ_129",
            "OBJ_130",
            "OBJ_131",
            "OBJ_132",
            "OBJ_133",
            "OBJ_134",
            "OBJ_135",
            "OBJ_136",
            "OBJ_137",
            "OBJ_138",
            "OBJ_139",
            "OBJ_140",
            "OBJ_141",
            "OBJ_142",
            "OBJ_143",
            "OBJ_144",
            "OBJ_145",
            "OBJ_146",
            "OBJ_147",
            "OBJ_148",
            "OBJ_149",
            "OBJ_150",
            "OBJ_151",
            "OBJ_152",
            "OBJ_153",
            "OBJ_154"
         );
      };
      "OBJ_119" = {
         isa = "PBXBuildFile";
         fileRef = "OBJ_18";
      };
      "OBJ_12" = {
         isa = "PBXGroup";
         children = (
            "OBJ_13"
         );
         name = "Tests";
         path = "";
         sourceTree = "SOURCE_ROOT";
      };
      "OBJ_120" = {
         isa = "PBXBuildFile";
         fileRef = "OBJ_19";
      };
      "OBJ_121" = {
         isa = "PBXBuildFile";
         fileRef = "OBJ_20";
      };
      "OBJ_122" = {
         isa = "PBXBuildFile";
         fileRef = "OBJ_21";
      };
      "OBJ_123" = {
         isa = "PBXBuildFile";
         fileRef = "OBJ_22";
      };
      "OBJ_124" = {
         isa = "PBXBuildFile";
         fileRef = "OBJ_23";
      };
      "OBJ_125" = {
         isa = "PBXBuildFile";
         fileRef = "OBJ_24";
      };
      "OBJ_126" = {
         isa = "PBXBuildFile";
         fileRef = "OBJ_25";
      };
      "OBJ_127" = {
         isa = "PBXBuildFile";
         fileRef = "OBJ_26";
      };
      "OBJ_128" = {
         isa = "PBXBuildFile";
         fileRef = "OBJ_27";
      };
      "OBJ_129" = {
         isa = "PBXBuildFile";
         fileRef = "OBJ_28";
      };
      "OBJ_13" = {
         isa = "PBXGroup";
         children = (
            "OBJ_14"
         );
         name = "swiftCLIUpdateToolTests";
         path = "Tests/swiftCLIUpdateToolTests";
         sourceTree = "SOURCE_ROOT";
      };
      "OBJ_130" = {
         isa = "PBXBuildFile";
         fileRef = "OBJ_29";
      };
      "OBJ_131" = {
         isa = "PBXBuildFile";
         fileRef = "OBJ_30";
      };
      "OBJ_132" = {
         isa = "PBXBuildFile";
         fileRef = "OBJ_31";
      };
      "OBJ_133" = {
         isa = "PBXBuildFile";
         fileRef = "OBJ_32";
      };
      "OBJ_134" = {
         isa = "PBXBuildFile";
         fileRef = "OBJ_33";
      };
      "OBJ_135" = {
         isa = "PBXBuildFile";
         fileRef = "OBJ_34";
      };
      "OBJ_136" = {
         isa = "PBXBuildFile";
         fileRef = "OBJ_35";
      };
      "OBJ_137" = {
         isa = "PBXBuildFile";
         fileRef = "OBJ_36";
      };
      "OBJ_138" = {
         isa = "PBXBuildFile";
         fileRef = "OBJ_37";
      };
      "OBJ_139" = {
         isa = "PBXBuildFile";
         fileRef = "OBJ_38";
      };
      "OBJ_14" = {
         isa = "PBXFileReference";
         path = "swiftCLIUpdateToolTests.swift";
         sourceTree = "<group>";
      };
      "OBJ_140" = {
         isa = "PBXBuildFile";
         fileRef = "OBJ_39";
      };
      "OBJ_141" = {
         isa = "PBXBuildFile";
         fileRef = "OBJ_40";
      };
      "OBJ_142" = {
         isa = "PBXBuildFile";
         fileRef = "OBJ_41";
      };
      "OBJ_143" = {
         isa = "PBXBuildFile";
         fileRef = "OBJ_42";
      };
      "OBJ_144" = {
         isa = "PBXBuildFile";
         fileRef = "OBJ_43";
      };
      "OBJ_145" = {
         isa = "PBXBuildFile";
         fileRef = "OBJ_44";
      };
      "OBJ_146" = {
         isa = "PBXBuildFile";
         fileRef = "OBJ_45";
      };
      "OBJ_147" = {
         isa = "PBXBuildFile";
         fileRef = "OBJ_46";
      };
      "OBJ_148" = {
         isa = "PBXBuildFile";
         fileRef = "OBJ_47";
      };
      "OBJ_149" = {
         isa = "PBXBuildFile";
         fileRef = "OBJ_48";
      };
      "OBJ_15" = {
         isa = "PBXGroup";
         children = (
            "OBJ_16",
            "OBJ_54"
         );
         name = "Dependencies";
         path = "";
         sourceTree = "<group>";
      };
      "OBJ_150" = {
         isa = "PBXBuildFile";
         fileRef = "OBJ_49";
      };
      "OBJ_151" = {
         isa = "PBXBuildFile";
         fileRef = "OBJ_50";
      };
      "OBJ_152" = {
         isa = "PBXBuildFile";
         fileRef = "OBJ_51";
      };
      "OBJ_153" = {
         isa = "PBXBuildFile";
         fileRef = "OBJ_52";
      };
      "OBJ_154" = {
         isa = "PBXBuildFile";
         fileRef = "OBJ_53";
      };
      "OBJ_155" = {
         isa = "PBXFrameworksBuildPhase";
         files = (
         );
      };
      "OBJ_157" = {
         isa = "XCConfigurationList";
         buildConfigurations = (
            "OBJ_158",
            "OBJ_159"
         );
         defaultConfigurationIsVisible = "0";
         defaultConfigurationName = "Release";
      };
      "OBJ_158" = {
         isa = "XCBuildConfiguration";
         buildSettings = {
            LD = "/usr/bin/true";
            OTHER_SWIFT_FLAGS = (
               "-swift-version",
               "5",
               "-I",
               "$(TOOLCHAIN_DIR)/usr/lib/swift/pm/ManifestAPI",
               "-sdk",
               "/Applications/Xcode.app/Contents/Developer/Platforms/MacOSX.platform/Developer/SDKs/MacOSX13.0.sdk",
               "-package-description-version",
               "5.7.0"
            );
            SWIFT_VERSION = "5.0";
         };
         name = "Debug";
      };
      "OBJ_159" = {
         isa = "XCBuildConfiguration";
         buildSettings = {
            LD = "/usr/bin/true";
            OTHER_SWIFT_FLAGS = (
               "-swift-version",
               "5",
               "-I",
               "$(TOOLCHAIN_DIR)/usr/lib/swift/pm/ManifestAPI",
               "-sdk",
               "/Applications/Xcode.app/Contents/Developer/Platforms/MacOSX.platform/Developer/SDKs/MacOSX13.0.sdk",
               "-package-description-version",
               "5.7.0"
            );
            SWIFT_VERSION = "5.0";
         };
         name = "Release";
      };
      "OBJ_16" = {
         isa = "PBXGroup";
         children = (
            "OBJ_17",
            "OBJ_18",
            "OBJ_19",
            "OBJ_20",
            "OBJ_21",
            "OBJ_22",
            "OBJ_23",
            "OBJ_24",
            "OBJ_25",
            "OBJ_26",
            "OBJ_27",
            "OBJ_28",
            "OBJ_29",
            "OBJ_30",
            "OBJ_31",
            "OBJ_32",
            "OBJ_33",
            "OBJ_34",
            "OBJ_35",
            "OBJ_36",
            "OBJ_37",
            "OBJ_38",
            "OBJ_39",
            "OBJ_40",
            "OBJ_41",
            "OBJ_42",
            "OBJ_43",
            "OBJ_44",
            "OBJ_45",
            "OBJ_46",
            "OBJ_47",
            "OBJ_48",
            "OBJ_49",
            "OBJ_50",
            "OBJ_51",
            "OBJ_52",
            "OBJ_53"
         );
         name = "Alamofire 5.6.4";
         path = ".build/checkouts/Alamofire/Source";
         sourceTree = "SOURCE_ROOT";
      };
      "OBJ_160" = {
         isa = "PBXSourcesBuildPhase";
         files = (
            "OBJ_161"
         );
      };
      "OBJ_161" = {
         isa = "PBXBuildFile";
         fileRef = "OBJ_17";
      };
      "OBJ_163" = {
         isa = "XCConfigurationList";
         buildConfigurations = (
            "OBJ_164",
            "OBJ_165"
         );
         defaultConfigurationIsVisible = "0";
         defaultConfigurationName = "Release";
      };
      "OBJ_164" = {
         isa = "XCBuildConfiguration";
         buildSettings = {
            CURRENT_PROJECT_VERSION = "1";
            DRIVERKIT_DEPLOYMENT_TARGET = "19.0";
            ENABLE_TESTABILITY = "YES";
            FRAMEWORK_SEARCH_PATHS = (
               "$(inherited)",
               "$(PLATFORM_DIR)/Developer/Library/Frameworks"
            );
            HEADER_SEARCH_PATHS = (
               "$(inherited)"
            );
            INFOPLIST_FILE = "swiftCLIUpdateTool.xcodeproj/ArgumentParser_Info.plist";
            IPHONEOS_DEPLOYMENT_TARGET = "11.0";
            LD_RUNPATH_SEARCH_PATHS = (
               "$(inherited)",
               "$(TOOLCHAIN_DIR)/usr/lib/swift/macosx"
            );
            MACOSX_DEPLOYMENT_TARGET = "10.13";
            OTHER_CFLAGS = (
               "$(inherited)"
            );
            OTHER_LDFLAGS = (
               "$(inherited)"
            );
            OTHER_SWIFT_FLAGS = (
               "$(inherited)"
            );
            PRODUCT_BUNDLE_IDENTIFIER = "ArgumentParser";
            PRODUCT_MODULE_NAME = "$(TARGET_NAME:c99extidentifier)";
            PRODUCT_NAME = "$(TARGET_NAME:c99extidentifier)";
            SKIP_INSTALL = "YES";
            SWIFT_ACTIVE_COMPILATION_CONDITIONS = (
               "$(inherited)"
            );
            SWIFT_VERSION = "5.0";
            TARGET_NAME = "ArgumentParser";
            TVOS_DEPLOYMENT_TARGET = "11.0";
            WATCHOS_DEPLOYMENT_TARGET = "4.0";
         };
         name = "Debug";
      };
      "OBJ_165" = {
         isa = "XCBuildConfiguration";
         buildSettings = {
            CURRENT_PROJECT_VERSION = "1";
            DRIVERKIT_DEPLOYMENT_TARGET = "19.0";
            ENABLE_TESTABILITY = "YES";
            FRAMEWORK_SEARCH_PATHS = (
               "$(inherited)",
               "$(PLATFORM_DIR)/Developer/Library/Frameworks"
            );
            HEADER_SEARCH_PATHS = (
               "$(inherited)"
            );
            INFOPLIST_FILE = "swiftCLIUpdateTool.xcodeproj/ArgumentParser_Info.plist";
            IPHONEOS_DEPLOYMENT_TARGET = "11.0";
            LD_RUNPATH_SEARCH_PATHS = (
               "$(inherited)",
               "$(TOOLCHAIN_DIR)/usr/lib/swift/macosx"
            );
            MACOSX_DEPLOYMENT_TARGET = "10.13";
            OTHER_CFLAGS = (
               "$(inherited)"
            );
            OTHER_LDFLAGS = (
               "$(inherited)"
            );
            OTHER_SWIFT_FLAGS = (
               "$(inherited)"
            );
            PRODUCT_BUNDLE_IDENTIFIER = "ArgumentParser";
            PRODUCT_MODULE_NAME = "$(TARGET_NAME:c99extidentifier)";
            PRODUCT_NAME = "$(TARGET_NAME:c99extidentifier)";
            SKIP_INSTALL = "YES";
            SWIFT_ACTIVE_COMPILATION_CONDITIONS = (
               "$(inherited)"
            );
            SWIFT_VERSION = "5.0";
            TARGET_NAME = "ArgumentParser";
            TVOS_DEPLOYMENT_TARGET = "11.0";
            WATCHOS_DEPLOYMENT_TARGET = "4.0";
         };
         name = "Release";
      };
      "OBJ_166" = {
         isa = "PBXSourcesBuildPhase";
         files = (
            "OBJ_167",
            "OBJ_168",
            "OBJ_169",
            "OBJ_170",
            "OBJ_171",
            "OBJ_172",
            "OBJ_173",
            "OBJ_174",
            "OBJ_175",
            "OBJ_176",
            "OBJ_177",
            "OBJ_178",
            "OBJ_179",
            "OBJ_180",
            "OBJ_181",
            "OBJ_182",
            "OBJ_183",
            "OBJ_184",
            "OBJ_185",
            "OBJ_186",
            "OBJ_187",
            "OBJ_188",
            "OBJ_189",
            "OBJ_190",
            "OBJ_191",
            "OBJ_192",
            "OBJ_193",
            "OBJ_194",
            "OBJ_195",
            "OBJ_196",
            "OBJ_197",
            "OBJ_198",
            "OBJ_199",
            "OBJ_200",
            "OBJ_201",
            "OBJ_202",
            "OBJ_203",
            "OBJ_204",
            "OBJ_205",
            "OBJ_206",
            "OBJ_207"
         );
      };
      "OBJ_167" = {
         isa = "PBXBuildFile";
         fileRef = "OBJ_57";
      };
      "OBJ_168" = {
         isa = "PBXBuildFile";
         fileRef = "OBJ_58";
      };
      "OBJ_169" = {
         isa = "PBXBuildFile";
         fileRef = "OBJ_59";
      };
      "OBJ_17" = {
         isa = "PBXFileReference";
         explicitFileType = "sourcecode.swift";
         name = "Package.swift";
         path = "/Users/Celine/Downloads/swiftCLIUpdateTool/.build/checkouts/Alamofire/Package.swift";
         sourceTree = "<group>";
      };
      "OBJ_170" = {
         isa = "PBXBuildFile";
         fileRef = "OBJ_60";
      };
      "OBJ_171" = {
         isa = "PBXBuildFile";
         fileRef = "OBJ_62";
      };
      "OBJ_172" = {
         isa = "PBXBuildFile";
         fileRef = "OBJ_63";
      };
      "OBJ_173" = {
         isa = "PBXBuildFile";
         fileRef = "OBJ_64";
      };
      "OBJ_174" = {
         isa = "PBXBuildFile";
         fileRef = "OBJ_65";
      };
      "OBJ_175" = {
         isa = "PBXBuildFile";
         fileRef = "OBJ_66";
      };
      "OBJ_176" = {
         isa = "PBXBuildFile";
         fileRef = "OBJ_67";
      };
      "OBJ_177" = {
         isa = "PBXBuildFile";
         fileRef = "OBJ_68";
      };
      "OBJ_178" = {
         isa = "PBXBuildFile";
         fileRef = "OBJ_69";
      };
      "OBJ_179" = {
         isa = "PBXBuildFile";
         fileRef = "OBJ_70";
      };
      "OBJ_18" = {
         isa = "PBXFileReference";
         path = "AFError.swift";
         sourceTree = "<group>";
      };
      "OBJ_180" = {
         isa = "PBXBuildFile";
         fileRef = "OBJ_72";
      };
      "OBJ_181" = {
         isa = "PBXBuildFile";
         fileRef = "OBJ_73";
      };
      "OBJ_182" = {
         isa = "PBXBuildFile";
         fileRef = "OBJ_74";
      };
      "OBJ_183" = {
         isa = "PBXBuildFile";
         fileRef = "OBJ_75";
      };
      "OBJ_184" = {
         isa = "PBXBuildFile";
         fileRef = "OBJ_76";
      };
      "OBJ_185" = {
         isa = "PBXBuildFile";
         fileRef = "OBJ_77";
      };
      "OBJ_186" = {
         isa = "PBXBuildFile";
         fileRef = "OBJ_78";
      };
      "OBJ_187" = {
         isa = "PBXBuildFile";
         fileRef = "OBJ_80";
      };
      "OBJ_188" = {
         isa = "PBXBuildFile";
         fileRef = "OBJ_81";
      };
      "OBJ_189" = {
         isa = "PBXBuildFile";
         fileRef = "OBJ_82";
      };
      "OBJ_19" = {
         isa = "PBXFileReference";
         path = "Alamofire.swift";
         sourceTree = "<group>";
      };
      "OBJ_190" = {
         isa = "PBXBuildFile";
         fileRef = "OBJ_83";
      };
      "OBJ_191" = {
         isa = "PBXBuildFile";
         fileRef = "OBJ_84";
      };
      "OBJ_192" = {
         isa = "PBXBuildFile";
         fileRef = "OBJ_85";
      };
      "OBJ_193" = {
         isa = "PBXBuildFile";
         fileRef = "OBJ_86";
      };
      "OBJ_194" = {
         isa = "PBXBuildFile";
         fileRef = "OBJ_87";
      };
      "OBJ_195" = {
         isa = "PBXBuildFile";
         fileRef = "OBJ_88";
      };
      "OBJ_196" = {
         isa = "PBXBuildFile";
         fileRef = "OBJ_89";
      };
      "OBJ_197" = {
         isa = "PBXBuildFile";
         fileRef = "OBJ_90";
      };
      "OBJ_198" = {
         isa = "PBXBuildFile";
         fileRef = "OBJ_92";
      };
      "OBJ_199" = {
         isa = "PBXBuildFile";
         fileRef = "OBJ_93";
      };
      "OBJ_2" = {
         isa = "XCConfigurationList";
         buildConfigurations = (
            "OBJ_3",
            "OBJ_4"
         );
         defaultConfigurationIsVisible = "0";
         defaultConfigurationName = "Release";
      };
      "OBJ_20" = {
         isa = "PBXFileReference";
         path = "AlamofireExtended.swift";
         sourceTree = "<group>";
      };
      "OBJ_200" = {
         isa = "PBXBuildFile";
         fileRef = "OBJ_94";
      };
      "OBJ_201" = {
         isa = "PBXBuildFile";
         fileRef = "OBJ_95";
      };
      "OBJ_202" = {
         isa = "PBXBuildFile";
         fileRef = "OBJ_96";
      };
      "OBJ_203" = {
         isa = "PBXBuildFile";
         fileRef = "OBJ_98";
      };
      "OBJ_204" = {
         isa = "PBXBuildFile";
         fileRef = "OBJ_99";
      };
      "OBJ_205" = {
         isa = "PBXBuildFile";
         fileRef = "OBJ_100";
      };
      "OBJ_206" = {
         isa = "PBXBuildFile";
         fileRef = "OBJ_101";
      };
      "OBJ_207" = {
         isa = "PBXBuildFile";
         fileRef = "OBJ_102";
      };
      "OBJ_208" = {
         isa = "PBXFrameworksBuildPhase";
         files = (
            "OBJ_209"
         );
      };
      "OBJ_209" = {
         isa = "PBXBuildFile";
         fileRef = "swift-argument-parser::ArgumentParserToolInfo::Product";
      };
      "OBJ_21" = {
         isa = "PBXFileReference";
         path = "AuthenticationInterceptor.swift";
         sourceTree = "<group>";
      };
      "OBJ_210" = {
         isa = "PBXTargetDependency";
         target = "swift-argument-parser::ArgumentParserToolInfo";
      };
      "OBJ_212" = {
         isa = "XCConfigurationList";
         buildConfigurations = (
            "OBJ_213",
            "OBJ_214"
         );
         defaultConfigurationIsVisible = "0";
         defaultConfigurationName = "Release";
      };
      "OBJ_213" = {
         isa = "XCBuildConfiguration";
         buildSettings = {
            CURRENT_PROJECT_VERSION = "1";
            DRIVERKIT_DEPLOYMENT_TARGET = "19.0";
            ENABLE_TESTABILITY = "YES";
            FRAMEWORK_SEARCH_PATHS = (
               "$(inherited)",
               "$(PLATFORM_DIR)/Developer/Library/Frameworks"
            );
            HEADER_SEARCH_PATHS = (
               "$(inherited)"
            );
            INFOPLIST_FILE = "swiftCLIUpdateTool.xcodeproj/ArgumentParserToolInfo_Info.plist";
            IPHONEOS_DEPLOYMENT_TARGET = "11.0";
            LD_RUNPATH_SEARCH_PATHS = (
               "$(inherited)",
               "$(TOOLCHAIN_DIR)/usr/lib/swift/macosx"
            );
            MACOSX_DEPLOYMENT_TARGET = "10.13";
            OTHER_CFLAGS = (
               "$(inherited)"
            );
            OTHER_LDFLAGS = (
               "$(inherited)"
            );
            OTHER_SWIFT_FLAGS = (
               "$(inherited)"
            );
            PRODUCT_BUNDLE_IDENTIFIER = "ArgumentParserToolInfo";
            PRODUCT_MODULE_NAME = "$(TARGET_NAME:c99extidentifier)";
            PRODUCT_NAME = "$(TARGET_NAME:c99extidentifier)";
            SKIP_INSTALL = "YES";
            SWIFT_ACTIVE_COMPILATION_CONDITIONS = (
               "$(inherited)"
            );
            SWIFT_VERSION = "5.0";
            TARGET_NAME = "ArgumentParserToolInfo";
            TVOS_DEPLOYMENT_TARGET = "11.0";
            WATCHOS_DEPLOYMENT_TARGET = "4.0";
         };
         name = "Debug";
      };
      "OBJ_214" = {
         isa = "XCBuildConfiguration";
         buildSettings = {
            CURRENT_PROJECT_VERSION = "1";
            DRIVERKIT_DEPLOYMENT_TARGET = "19.0";
            ENABLE_TESTABILITY = "YES";
            FRAMEWORK_SEARCH_PATHS = (
               "$(inherited)",
               "$(PLATFORM_DIR)/Developer/Library/Frameworks"
            );
            HEADER_SEARCH_PATHS = (
               "$(inherited)"
            );
            INFOPLIST_FILE = "swiftCLIUpdateTool.xcodeproj/ArgumentParserToolInfo_Info.plist";
            IPHONEOS_DEPLOYMENT_TARGET = "11.0";
            LD_RUNPATH_SEARCH_PATHS = (
               "$(inherited)",
               "$(TOOLCHAIN_DIR)/usr/lib/swift/macosx"
            );
            MACOSX_DEPLOYMENT_TARGET = "10.13";
            OTHER_CFLAGS = (
               "$(inherited)"
            );
            OTHER_LDFLAGS = (
               "$(inherited)"
            );
            OTHER_SWIFT_FLAGS = (
               "$(inherited)"
            );
            PRODUCT_BUNDLE_IDENTIFIER = "ArgumentParserToolInfo";
            PRODUCT_MODULE_NAME = "$(TARGET_NAME:c99extidentifier)";
            PRODUCT_NAME = "$(TARGET_NAME:c99extidentifier)";
            SKIP_INSTALL = "YES";
            SWIFT_ACTIVE_COMPILATION_CONDITIONS = (
               "$(inherited)"
            );
            SWIFT_VERSION = "5.0";
            TARGET_NAME = "ArgumentParserToolInfo";
            TVOS_DEPLOYMENT_TARGET = "11.0";
            WATCHOS_DEPLOYMENT_TARGET = "4.0";
         };
         name = "Release";
      };
      "OBJ_215" = {
         isa = "PBXSourcesBuildPhase";
         files = (
            "OBJ_216"
         );
      };
      "OBJ_216" = {
         isa = "PBXBuildFile";
         fileRef = "OBJ_104";
      };
      "OBJ_217" = {
         isa = "PBXFrameworksBuildPhase";
         files = (
         );
      };
      "OBJ_219" = {
         isa = "XCConfigurationList";
         buildConfigurations = (
            "OBJ_220",
            "OBJ_221"
         );
         defaultConfigurationIsVisible = "0";
         defaultConfigurationName = "Release";
      };
      "OBJ_22" = {
         isa = "PBXFileReference";
         path = "CachedResponseHandler.swift";
         sourceTree = "<group>";
      };
      "OBJ_220" = {
         isa = "XCBuildConfiguration";
         buildSettings = {
            LD = "/usr/bin/true";
            OTHER_SWIFT_FLAGS = (
               "-swift-version",
               "5",
               "-I",
               "$(TOOLCHAIN_DIR)/usr/lib/swift/pm/ManifestAPI",
               "-sdk",
               "/Applications/Xcode.app/Contents/Developer/Platforms/MacOSX.platform/Developer/SDKs/MacOSX13.0.sdk",
               "-package-description-version",
               "5.6.0"
            );
            SWIFT_VERSION = "5.0";
         };
         name = "Debug";
      };
      "OBJ_221" = {
         isa = "XCBuildConfiguration";
         buildSettings = {
            LD = "/usr/bin/true";
            OTHER_SWIFT_FLAGS = (
               "-swift-version",
               "5",
               "-I",
               "$(TOOLCHAIN_DIR)/usr/lib/swift/pm/ManifestAPI",
               "-sdk",
               "/Applications/Xcode.app/Contents/Developer/Platforms/MacOSX.platform/Developer/SDKs/MacOSX13.0.sdk",
               "-package-description-version",
               "5.6.0"
            );
            SWIFT_VERSION = "5.0";
         };
         name = "Release";
      };
      "OBJ_222" = {
         isa = "PBXSourcesBuildPhase";
         files = (
            "OBJ_223"
         );
      };
      "OBJ_223" = {
         isa = "PBXBuildFile";
         fileRef = "OBJ_107";
      };
      "OBJ_225" = {
         isa = "XCConfigurationList";
         buildConfigurations = (
            "OBJ_226",
            "OBJ_227"
         );
         defaultConfigurationIsVisible = "0";
         defaultConfigurationName = "Release";
      };
      "OBJ_226" = {
         isa = "XCBuildConfiguration";
         buildSettings = {
            CURRENT_PROJECT_VERSION = "1";
            DRIVERKIT_DEPLOYMENT_TARGET = "19.0";
            FRAMEWORK_SEARCH_PATHS = (
               "$(inherited)",
               "$(PLATFORM_DIR)/Developer/Library/Frameworks"
            );
            HEADER_SEARCH_PATHS = (
               "$(inherited)"
            );
            INFOPLIST_FILE = "swiftCLIUpdateTool.xcodeproj/swiftCLIUpdateTool_Info.plist";
            IPHONEOS_DEPLOYMENT_TARGET = "11.0";
            LD_RUNPATH_SEARCH_PATHS = (
               "$(inherited)",
               "$(TOOLCHAIN_DIR)/usr/lib/swift/macosx",
               "@executable_path"
            );
            MACOSX_DEPLOYMENT_TARGET = "10.13";
            OTHER_CFLAGS = (
               "$(inherited)"
            );
            OTHER_LDFLAGS = (
               "$(inherited)"
            );
            OTHER_SWIFT_FLAGS = (
               "$(inherited)"
            );
            SWIFT_ACTIVE_COMPILATION_CONDITIONS = (
               "$(inherited)"
            );
            SWIFT_FORCE_DYNAMIC_LINK_STDLIB = "YES";
            SWIFT_FORCE_STATIC_LINK_STDLIB = "NO";
            SWIFT_VERSION = "5.0";
            TARGET_NAME = "swiftCLIUpdateTool";
            TVOS_DEPLOYMENT_TARGET = "11.0";
            WATCHOS_DEPLOYMENT_TARGET = "4.0";
         };
         name = "Debug";
      };
      "OBJ_227" = {
         isa = "XCBuildConfiguration";
         buildSettings = {
            CURRENT_PROJECT_VERSION = "1";
            DRIVERKIT_DEPLOYMENT_TARGET = "19.0";
            FRAMEWORK_SEARCH_PATHS = (
               "$(inherited)",
               "$(PLATFORM_DIR)/Developer/Library/Frameworks"
            );
            HEADER_SEARCH_PATHS = (
               "$(inherited)"
            );
            INFOPLIST_FILE = "swiftCLIUpdateTool.xcodeproj/swiftCLIUpdateTool_Info.plist";
            IPHONEOS_DEPLOYMENT_TARGET = "11.0";
            LD_RUNPATH_SEARCH_PATHS = (
               "$(inherited)",
               "$(TOOLCHAIN_DIR)/usr/lib/swift/macosx",
               "@executable_path"
            );
            MACOSX_DEPLOYMENT_TARGET = "10.13";
            OTHER_CFLAGS = (
               "$(inherited)"
            );
            OTHER_LDFLAGS = (
               "$(inherited)"
            );
            OTHER_SWIFT_FLAGS = (
               "$(inherited)"
            );
            SWIFT_ACTIVE_COMPILATION_CONDITIONS = (
               "$(inherited)"
            );
            SWIFT_FORCE_DYNAMIC_LINK_STDLIB = "YES";
            SWIFT_FORCE_STATIC_LINK_STDLIB = "NO";
            SWIFT_VERSION = "5.0";
            TARGET_NAME = "swiftCLIUpdateTool";
            TVOS_DEPLOYMENT_TARGET = "11.0";
            WATCHOS_DEPLOYMENT_TARGET = "4.0";
         };
         name = "Release";
      };
      "OBJ_228" = {
         isa = "PBXSourcesBuildPhase";
         files = (
            "OBJ_229",
            "OBJ_230",
            "OBJ_231"
         );
      };
      "OBJ_229" = {
         isa = "PBXBuildFile";
         fileRef = "OBJ_9";
      };
      "OBJ_23" = {
         isa = "PBXFileReference";
         path = "Combine.swift";
         sourceTree = "<group>";
      };
      "OBJ_230" = {
         isa = "PBXBuildFile";
         fileRef = "OBJ_10";
      };
      "OBJ_231" = {
         isa = "PBXBuildFile";
         fileRef = "OBJ_11";
      };
      "OBJ_232" = {
         isa = "PBXFrameworksBuildPhase";
         files = (
            "OBJ_233",
            "OBJ_234",
            "OBJ_235"
         );
      };
      "OBJ_233" = {
         isa = "PBXBuildFile";
         fileRef = "alamofire::Alamofire::Product";
      };
      "OBJ_234" = {
         isa = "PBXBuildFile";
         fileRef = "swift-argument-parser::ArgumentParser::Product";
      };
      "OBJ_235" = {
         isa = "PBXBuildFile";
         fileRef = "swift-argument-parser::ArgumentParserToolInfo::Product";
      };
      "OBJ_236" = {
         isa = "PBXTargetDependency";
         target = "alamofire::Alamofire";
      };
      "OBJ_237" = {
         isa = "PBXTargetDependency";
         target = "swift-argument-parser::ArgumentParser";
      };
      "OBJ_238" = {
         isa = "PBXTargetDependency";
         target = "swift-argument-parser::ArgumentParserToolInfo";
      };
      "OBJ_24" = {
         isa = "PBXFileReference";
         path = "Concurrency.swift";
         sourceTree = "<group>";
      };
      "OBJ_240" = {
         isa = "XCConfigurationList";
         buildConfigurations = (
            "OBJ_241",
            "OBJ_242"
         );
         defaultConfigurationIsVisible = "0";
         defaultConfigurationName = "Release";
      };
      "OBJ_241" = {
         isa = "XCBuildConfiguration";
         buildSettings = {
            LD = "/usr/bin/true";
            OTHER_SWIFT_FLAGS = (
               "-swift-version",
               "5",
               "-I",
               "$(TOOLCHAIN_DIR)/usr/lib/swift/pm/ManifestAPI",
               "-sdk",
               "/Applications/Xcode.app/Contents/Developer/Platforms/MacOSX.platform/Developer/SDKs/MacOSX13.0.sdk",
               "-package-description-version",
               "5.7.0"
            );
            SWIFT_VERSION = "5.0";
         };
         name = "Debug";
      };
      "OBJ_242" = {
         isa = "XCBuildConfiguration";
         buildSettings = {
            LD = "/usr/bin/true";
            OTHER_SWIFT_FLAGS = (
               "-swift-version",
               "5",
               "-I",
               "$(TOOLCHAIN_DIR)/usr/lib/swift/pm/ManifestAPI",
               "-sdk",
               "/Applications/Xcode.app/Contents/Developer/Platforms/MacOSX.platform/Developer/SDKs/MacOSX13.0.sdk",
               "-package-description-version",
               "5.7.0"
            );
            SWIFT_VERSION = "5.0";
         };
         name = "Release";
      };
      "OBJ_243" = {
         isa = "PBXSourcesBuildPhase";
         files = (
            "OBJ_244"
         );
      };
      "OBJ_244" = {
         isa = "PBXBuildFile";
         fileRef = "OBJ_6";
      };
      "OBJ_246" = {
         isa = "XCConfigurationList";
         buildConfigurations = (
            "OBJ_247",
            "OBJ_248"
         );
         defaultConfigurationIsVisible = "0";
         defaultConfigurationName = "Release";
      };
      "OBJ_247" = {
         isa = "XCBuildConfiguration";
         buildSettings = {
         };
         name = "Debug";
      };
      "OBJ_248" = {
         isa = "XCBuildConfiguration";
         buildSettings = {
         };
         name = "Release";
      };
      "OBJ_249" = {
         isa = "PBXTargetDependency";
         target = "swiftcliupdatetool::swiftCLIUpdateToolTests";
      };
      "OBJ_25" = {
         isa = "PBXFileReference";
         path = "DispatchQueue+Alamofire.swift";
         sourceTree = "<group>";
      };
      "OBJ_251" = {
         isa = "XCConfigurationList";
         buildConfigurations = (
            "OBJ_252",
            "OBJ_253"
         );
         defaultConfigurationIsVisible = "0";
         defaultConfigurationName = "Release";
      };
      "OBJ_252" = {
         isa = "XCBuildConfiguration";
         buildSettings = {
            CLANG_ENABLE_MODULES = "YES";
            CURRENT_PROJECT_VERSION = "1";
            DRIVERKIT_DEPLOYMENT_TARGET = "19.0";
            EMBEDDED_CONTENT_CONTAINS_SWIFT = "YES";
            FRAMEWORK_SEARCH_PATHS = (
               "$(inherited)",
               "$(PLATFORM_DIR)/Developer/Library/Frameworks"
            );
            HEADER_SEARCH_PATHS = (
               "$(inherited)"
            );
            INFOPLIST_FILE = "swiftCLIUpdateTool.xcodeproj/swiftCLIUpdateToolTests_Info.plist";
            IPHONEOS_DEPLOYMENT_TARGET = "14.0";
            LD_RUNPATH_SEARCH_PATHS = (
               "$(inherited)",
               "@loader_path/../Frameworks",
               "@loader_path/Frameworks"
            );
            MACOSX_DEPLOYMENT_TARGET = "11.0";
            OTHER_CFLAGS = (
               "$(inherited)"
            );
            OTHER_LDFLAGS = (
               "$(inherited)"
            );
            OTHER_SWIFT_FLAGS = (
               "$(inherited)"
            );
            SWIFT_ACTIVE_COMPILATION_CONDITIONS = (
               "$(inherited)"
            );
            SWIFT_VERSION = "5.0";
            TARGET_NAME = "swiftCLIUpdateToolTests";
            TVOS_DEPLOYMENT_TARGET = "14.0";
            WATCHOS_DEPLOYMENT_TARGET = "7.0";
         };
         name = "Debug";
      };
      "OBJ_253" = {
         isa = "XCBuildConfiguration";
         buildSettings = {
            CLANG_ENABLE_MODULES = "YES";
            CURRENT_PROJECT_VERSION = "1";
            DRIVERKIT_DEPLOYMENT_TARGET = "19.0";
            EMBEDDED_CONTENT_CONTAINS_SWIFT = "YES";
            FRAMEWORK_SEARCH_PATHS = (
               "$(inherited)",
               "$(PLATFORM_DIR)/Developer/Library/Frameworks"
            );
            HEADER_SEARCH_PATHS = (
               "$(inherited)"
            );
            INFOPLIST_FILE = "swiftCLIUpdateTool.xcodeproj/swiftCLIUpdateToolTests_Info.plist";
            IPHONEOS_DEPLOYMENT_TARGET = "14.0";
            LD_RUNPATH_SEARCH_PATHS = (
               "$(inherited)",
               "@loader_path/../Frameworks",
               "@loader_path/Frameworks"
            );
            MACOSX_DEPLOYMENT_TARGET = "11.0";
            OTHER_CFLAGS = (
               "$(inherited)"
            );
            OTHER_LDFLAGS = (
               "$(inherited)"
            );
            OTHER_SWIFT_FLAGS = (
               "$(inherited)"
            );
            SWIFT_ACTIVE_COMPILATION_CONDITIONS = (
               "$(inherited)"
            );
            SWIFT_VERSION = "5.0";
            TARGET_NAME = "swiftCLIUpdateToolTests";
            TVOS_DEPLOYMENT_TARGET = "14.0";
            WATCHOS_DEPLOYMENT_TARGET = "7.0";
         };
         name = "Release";
      };
      "OBJ_254" = {
         isa = "PBXSourcesBuildPhase";
         files = (
            "OBJ_255"
         );
      };
      "OBJ_255" = {
         isa = "PBXBuildFile";
         fileRef = "OBJ_14";
      };
      "OBJ_256" = {
         isa = "PBXFrameworksBuildPhase";
         files = (
            "OBJ_257",
            "OBJ_258",
            "OBJ_259"
         );
      };
      "OBJ_257" = {
         isa = "PBXBuildFile";
         fileRef = "alamofire::Alamofire::Product";
      };
      "OBJ_258" = {
         isa = "PBXBuildFile";
         fileRef = "swift-argument-parser::ArgumentParser::Product";
      };
      "OBJ_259" = {
         isa = "PBXBuildFile";
         fileRef = "swift-argument-parser::ArgumentParserToolInfo::Product";
      };
      "OBJ_26" = {
         isa = "PBXFileReference";
         path = "EventMonitor.swift";
         sourceTree = "<group>";
      };
      "OBJ_260" = {
         isa = "PBXTargetDependency";
         target = "swiftcliupdatetool::swiftCLIUpdateTool";
      };
      "OBJ_261" = {
         isa = "PBXTargetDependency";
         target = "alamofire::Alamofire";
      };
      "OBJ_262" = {
         isa = "PBXTargetDependency";
         target = "swift-argument-parser::ArgumentParser";
      };
      "OBJ_263" = {
         isa = "PBXTargetDependency";
         target = "swift-argument-parser::ArgumentParserToolInfo";
      };
      "OBJ_27" = {
         isa = "PBXFileReference";
         path = "HTTPHeaders.swift";
         sourceTree = "<group>";
      };
      "OBJ_28" = {
         isa = "PBXFileReference";
         path = "HTTPMethod.swift";
         sourceTree = "<group>";
      };
      "OBJ_29" = {
         isa = "PBXFileReference";
         path = "MultipartFormData.swift";
         sourceTree = "<group>";
      };
      "OBJ_3" = {
         isa = "XCBuildConfiguration";
         buildSettings = {
            CLANG_ENABLE_OBJC_ARC = "YES";
            COMBINE_HIDPI_IMAGES = "YES";
            COPY_PHASE_STRIP = "NO";
            DEBUG_INFORMATION_FORMAT = "dwarf";
            DYLIB_INSTALL_NAME_BASE = "@rpath";
            ENABLE_NS_ASSERTIONS = "YES";
            GCC_OPTIMIZATION_LEVEL = "0";
            GCC_PREPROCESSOR_DEFINITIONS = (
               "$(inherited)",
               "SWIFT_PACKAGE=1",
               "DEBUG=1"
            );
            MACOSX_DEPLOYMENT_TARGET = "10.10";
            ONLY_ACTIVE_ARCH = "YES";
            OTHER_SWIFT_FLAGS = (
               "$(inherited)",
               "-DXcode"
            );
            PRODUCT_NAME = "$(TARGET_NAME)";
            SDKROOT = "macosx";
            SUPPORTED_PLATFORMS = (
               "$(AVAILABLE_PLATFORMS)"
            );
            SUPPORTS_MACCATALYST = "YES";
            SWIFT_ACTIVE_COMPILATION_CONDITIONS = (
               "$(inherited)",
               "SWIFT_PACKAGE",
               "DEBUG"
            );
            SWIFT_OPTIMIZATION_LEVEL = "-Onone";
            USE_HEADERMAP = "NO";
         };
         name = "Debug";
      };
      "OBJ_30" = {
         isa = "PBXFileReference";
         path = "MultipartUpload.swift";
         sourceTree = "<group>";
      };
      "OBJ_31" = {
         isa = "PBXFileReference";
         path = "NetworkReachabilityManager.swift";
         sourceTree = "<group>";
      };
      "OBJ_32" = {
         isa = "PBXFileReference";
         path = "Notifications.swift";
         sourceTree = "<group>";
      };
      "OBJ_33" = {
         isa = "PBXFileReference";
         path = "OperationQueue+Alamofire.swift";
         sourceTree = "<group>";
      };
      "OBJ_34" = {
         isa = "PBXFileReference";
         path = "ParameterEncoder.swift";
         sourceTree = "<group>";
      };
      "OBJ_35" = {
         isa = "PBXFileReference";
         path = "ParameterEncoding.swift";
         sourceTree = "<group>";
      };
      "OBJ_36" = {
         isa = "PBXFileReference";
         path = "Protected.swift";
         sourceTree = "<group>";
      };
      "OBJ_37" = {
         isa = "PBXFileReference";
         path = "RedirectHandler.swift";
         sourceTree = "<group>";
      };
      "OBJ_38" = {
         isa = "PBXFileReference";
         path = "Request.swift";
         sourceTree = "<group>";
      };
      "OBJ_39" = {
         isa = "PBXFileReference";
         path = "RequestInterceptor.swift";
         sourceTree = "<group>";
      };
      "OBJ_4" = {
         isa = "XCBuildConfiguration";
         buildSettings = {
            CLANG_ENABLE_OBJC_ARC = "YES";
            COMBINE_HIDPI_IMAGES = "YES";
            COPY_PHASE_STRIP = "YES";
            DEBUG_INFORMATION_FORMAT = "dwarf-with-dsym";
            DYLIB_INSTALL_NAME_BASE = "@rpath";
            GCC_OPTIMIZATION_LEVEL = "s";
            GCC_PREPROCESSOR_DEFINITIONS = (
               "$(inherited)",
               "SWIFT_PACKAGE=1"
            );
            MACOSX_DEPLOYMENT_TARGET = "10.10";
            OTHER_SWIFT_FLAGS = (
               "$(inherited)",
               "-DXcode"
            );
            PRODUCT_NAME = "$(TARGET_NAME)";
            SDKROOT = "macosx";
            SUPPORTED_PLATFORMS = (
               "$(AVAILABLE_PLATFORMS)"
            );
            SUPPORTS_MACCATALYST = "YES";
            SWIFT_ACTIVE_COMPILATION_CONDITIONS = (
               "$(inherited)",
               "SWIFT_PACKAGE"
            );
            SWIFT_OPTIMIZATION_LEVEL = "-Owholemodule";
            USE_HEADERMAP = "NO";
         };
         name = "Release";
      };
      "OBJ_40" = {
         isa = "PBXFileReference";
         path = "RequestTaskMap.swift";
         sourceTree = "<group>";
      };
      "OBJ_41" = {
         isa = "PBXFileReference";
         path = "Response.swift";
         sourceTree = "<group>";
      };
      "OBJ_42" = {
         isa = "PBXFileReference";
         path = "ResponseSerialization.swift";
         sourceTree = "<group>";
      };
      "OBJ_43" = {
         isa = "PBXFileReference";
         path = "Result+Alamofire.swift";
         sourceTree = "<group>";
      };
      "OBJ_44" = {
         isa = "PBXFileReference";
         path = "RetryPolicy.swift";
         sourceTree = "<group>";
      };
      "OBJ_45" = {
         isa = "PBXFileReference";
         path = "ServerTrustEvaluation.swift";
         sourceTree = "<group>";
      };
      "OBJ_46" = {
         isa = "PBXFileReference";
         path = "Session.swift";
         sourceTree = "<group>";
      };
      "OBJ_47" = {
         isa = "PBXFileReference";
         path = "SessionDelegate.swift";
         sourceTree = "<group>";
      };
      "OBJ_48" = {
         isa = "PBXFileReference";
         path = "StringEncoding+Alamofire.swift";
         sourceTree = "<group>";
      };
      "OBJ_49" = {
         isa = "PBXFileReference";
         path = "URLConvertible+URLRequestConvertible.swift";
         sourceTree = "<group>";
      };
      "OBJ_5" = {
         isa = "PBXGroup";
         children = (
            "OBJ_6",
            "OBJ_7",
            "OBJ_12",
            "OBJ_15",
            "OBJ_108"
         );
         path = "";
         sourceTree = "<group>";
      };
      "OBJ_50" = {
         isa = "PBXFileReference";
         path = "URLEncodedFormEncoder.swift";
         sourceTree = "<group>";
      };
      "OBJ_51" = {
         isa = "PBXFileReference";
         path = "URLRequest+Alamofire.swift";
         sourceTree = "<group>";
      };
      "OBJ_52" = {
         isa = "PBXFileReference";
         path = "URLSessionConfiguration+Alamofire.swift";
         sourceTree = "<group>";
      };
      "OBJ_53" = {
         isa = "PBXFileReference";
         path = "Validation.swift";
         sourceTree = "<group>";
      };
      "OBJ_54" = {
         isa = "PBXGroup";
         children = (
            "OBJ_55",
            "OBJ_103",
            "OBJ_105",
            "OBJ_106",
            "OBJ_107"
         );
         name = "swift-argument-parser 1.2.2";
         path = "";
         sourceTree = "SOURCE_ROOT";
      };
      "OBJ_55" = {
         isa = "PBXGroup";
         children = (
            "OBJ_56",
            "OBJ_61",
            "OBJ_71",
            "OBJ_79",
            "OBJ_91",
            "OBJ_97"
         );
         name = "ArgumentParser";
         path = ".build/checkouts/swift-argument-parser/Sources/ArgumentParser";
         sourceTree = "SOURCE_ROOT";
      };
      "OBJ_56" = {
         isa = "PBXGroup";
         children = (
            "OBJ_57",
            "OBJ_58",
            "OBJ_59",
            "OBJ_60"
         );
         name = "Completions";
         path = "Completions";
         sourceTree = "<group>";
      };
      "OBJ_57" = {
         isa = "PBXFileReference";
         path = "BashCompletionsGenerator.swift";
         sourceTree = "<group>";
      };
      "OBJ_58" = {
         isa = "PBXFileReference";
         path = "CompletionsGenerator.swift";
         sourceTree = "<group>";
      };
      "OBJ_59" = {
         isa = "PBXFileReference";
         path = "FishCompletionsGenerator.swift";
         sourceTree = "<group>";
      };
      "OBJ_6" = {
         isa = "PBXFileReference";
         explicitFileType = "sourcecode.swift";
         path = "Package.swift";
         sourceTree = "<group>";
      };
      "OBJ_60" = {
         isa = "PBXFileReference";
         path = "ZshCompletionsGenerator.swift";
         sourceTree = "<group>";
      };
      "OBJ_61" = {
         isa = "PBXGroup";
         children = (
            "OBJ_62",
            "OBJ_63",
            "OBJ_64",
            "OBJ_65",
            "OBJ_66",
            "OBJ_67",
            "OBJ_68",
            "OBJ_69",
            "OBJ_70"
         );
         name = "Parsable Properties";
         path = "Parsable Properties";
         sourceTree = "<group>";
      };
      "OBJ_62" = {
         isa = "PBXFileReference";
         path = "Argument.swift";
         sourceTree = "<group>";
      };
      "OBJ_63" = {
         isa = "PBXFileReference";
         path = "ArgumentHelp.swift";
         sourceTree = "<group>";
      };
      "OBJ_64" = {
         isa = "PBXFileReference";
         path = "ArgumentVisibility.swift";
         sourceTree = "<group>";
      };
      "OBJ_65" = {
         isa = "PBXFileReference";
         path = "CompletionKind.swift";
         sourceTree = "<group>";
      };
      "OBJ_66" = {
         isa = "PBXFileReference";
         path = "Errors.swift";
         sourceTree = "<group>";
      };
      "OBJ_67" = {
         isa = "PBXFileReference";
         path = "Flag.swift";
         sourceTree = "<group>";
      };
      "OBJ_68" = {
         isa = "PBXFileReference";
         path = "NameSpecification.swift";
         sourceTree = "<group>";
      };
      "OBJ_69" = {
         isa = "PBXFileReference";
         path = "Option.swift";
         sourceTree = "<group>";
      };
      "OBJ_7" = {
         isa = "PBXGroup";
         children = (
            "OBJ_8"
         );
         name = "Sources";
         path = "";
         sourceTree = "SOURCE_ROOT";
      };
      "OBJ_70" = {
         isa = "PBXFileReference";
         path = "OptionGroup.swift";
         sourceTree = "<group>";
      };
      "OBJ_71" = {
         isa = "PBXGroup";
         children = (
            "OBJ_72",
            "OBJ_73",
            "OBJ_74",
            "OBJ_75",
            "OBJ_76",
            "OBJ_77",
            "OBJ_78"
         );
         name = "Parsable Types";
         path = "Parsable Types";
         sourceTree = "<group>";
      };
      "OBJ_72" = {
         isa = "PBXFileReference";
         path = "AsyncParsableCommand.swift";
         sourceTree = "<group>";
      };
      "OBJ_73" = {
         isa = "PBXFileReference";
         path = "CommandConfiguration.swift";
         sourceTree = "<group>";
      };
      "OBJ_74" = {
         isa = "PBXFileReference";
         path = "EnumerableFlag.swift";
         sourceTree = "<group>";
      };
      "OBJ_75" = {
         isa = "PBXFileReference";
         path = "ExpressibleByArgument.swift";
         sourceTree = "<group>";
      };
      "OBJ_76" = {
         isa = "PBXFileReference";
         path = "ParsableArguments.swift";
         sourceTree = "<group>";
      };
      "OBJ_77" = {
         isa = "PBXFileReference";
         path = "ParsableArgumentsValidation.swift";
         sourceTree = "<group>";
      };
      "OBJ_78" = {
         isa = "PBXFileReference";
         path = "ParsableCommand.swift";
         sourceTree = "<group>";
      };
      "OBJ_79" = {
         isa = "PBXGroup";
         children = (
            "OBJ_80",
            "OBJ_81",
            "OBJ_82",
            "OBJ_83",
            "OBJ_84",
            "OBJ_85",
            "OBJ_86",
            "OBJ_87",
            "OBJ_88",
            "OBJ_89",
            "OBJ_90"
         );
         name = "Parsing";
         path = "Parsing";
         sourceTree = "<group>";
      };
      "OBJ_8" = {
         isa = "PBXGroup";
         children = (
            "OBJ_9",
            "OBJ_10",
            "OBJ_11"
         );
         name = "swiftCLIUpdateTool";
         path = "Sources/swiftCLIUpdateTool";
         sourceTree = "SOURCE_ROOT";
      };
      "OBJ_80" = {
         isa = "PBXFileReference";
         path = "ArgumentDecoder.swift";
         sourceTree = "<group>";
      };
      "OBJ_81" = {
         isa = "PBXFileReference";
         path = "ArgumentDefinition.swift";
         sourceTree = "<group>";
      };
      "OBJ_82" = {
         isa = "PBXFileReference";
         path = "ArgumentSet.swift";
         sourceTree = "<group>";
      };
      "OBJ_83" = {
         isa = "PBXFileReference";
         path = "CommandParser.swift";
         sourceTree = "<group>";
      };
      "OBJ_84" = {
         isa = "PBXFileReference";
         path = "InputKey.swift";
         sourceTree = "<group>";
      };
      "OBJ_85" = {
         isa = "PBXFileReference";
         path = "InputOrigin.swift";
         sourceTree = "<group>";
      };
      "OBJ_86" = {
         isa = "PBXFileReference";
         path = "Name.swift";
         sourceTree = "<group>";
      };
      "OBJ_87" = {
         isa = "PBXFileReference";
         path = "Parsed.swift";
         sourceTree = "<group>";
      };
      "OBJ_88" = {
         isa = "PBXFileReference";
         path = "ParsedValues.swift";
         sourceTree = "<group>";
      };
      "OBJ_89" = {
         isa = "PBXFileReference";
         path = "ParserError.swift";
         sourceTree = "<group>";
      };
      "OBJ_9" = {
         isa = "PBXFileReference";
         path = "IpaTool.swift";
         sourceTree = "<group>";
      };
      "OBJ_90" = {
         isa = "PBXFileReference";
         path = "SplitArguments.swift";
         sourceTree = "<group>";
      };
      "OBJ_91" = {
         isa = "PBXGroup";
         children = (
            "OBJ_92",
            "OBJ_93",
            "OBJ_94",
            "OBJ_95",
            "OBJ_96"
         );
         name = "Usage";
         path = "Usage";
         sourceTree = "<group>";
      };
      "OBJ_92" = {
         isa = "PBXFileReference";
         path = "DumpHelpGenerator.swift";
         sourceTree = "<group>";
      };
      "OBJ_93" = {
         isa = "PBXFileReference";
         path = "HelpCommand.swift";
         sourceTree = "<group>";
      };
      "OBJ_94" = {
         isa = "PBXFileReference";
         path = "HelpGenerator.swift";
         sourceTree = "<group>";
      };
      "OBJ_95" = {
         isa = "PBXFileReference";
         path = "MessageInfo.swift";
         sourceTree = "<group>";
      };
      "OBJ_96" = {
         isa = "PBXFileReference";
         path = "UsageGenerator.swift";
         sourceTree = "<group>";
      };
      "OBJ_97" = {
         isa = "PBXGroup";
         children = (
            "OBJ_98",
            "OBJ_99",
            "OBJ_100",
            "OBJ_101",
            "OBJ_102"
         );
         name = "Utilities";
         path = "Utilities";
         sourceTree = "<group>";
      };
      "OBJ_98" = {
         isa = "PBXFileReference";
         path = "CollectionExtensions.swift";
         sourceTree = "<group>";
      };
      "OBJ_99" = {
         isa = "PBXFileReference";
         path = "Platform.swift";
         sourceTree = "<group>";
      };
      "alamofire::Alamofire" = {
         isa = "PBXNativeTarget";
         buildConfigurationList = "OBJ_115";
         buildPhases = (
            "OBJ_118",
            "OBJ_155"
         );
         dependencies = (
         );
         name = "Alamofire";
         productName = "Alamofire";
         productReference = "alamofire::Alamofire::Product";
         productType = "com.apple.product-type.framework";
      };
      "alamofire::Alamofire::Product" = {
         isa = "PBXFileReference";
         path = "Alamofire.framework";
         sourceTree = "BUILT_PRODUCTS_DIR";
      };
      "alamofire::SwiftPMPackageDescription" = {
         isa = "PBXNativeTarget";
         buildConfigurationList = "OBJ_157";
         buildPhases = (
            "OBJ_160"
         );
         dependencies = (
         );
         name = "AlamofirePackageDescription";
         productName = "AlamofirePackageDescription";
         productType = "com.apple.product-type.framework";
      };
      "swift-argument-parser::ArgumentParser" = {
         isa = "PBXNativeTarget";
         buildConfigurationList = "OBJ_163";
         buildPhases = (
            "OBJ_166",
            "OBJ_208"
         );
         dependencies = (
            "OBJ_210"
         );
         name = "ArgumentParser";
         productName = "ArgumentParser";
         productReference = "swift-argument-parser::ArgumentParser::Product";
         productType = "com.apple.product-type.framework";
      };
      "swift-argument-parser::ArgumentParser::Product" = {
         isa = "PBXFileReference";
         path = "ArgumentParser.framework";
         sourceTree = "BUILT_PRODUCTS_DIR";
      };
      "swift-argument-parser::ArgumentParserToolInfo" = {
         isa = "PBXNativeTarget";
         buildConfigurationList = "OBJ_212";
         buildPhases = (
            "OBJ_215",
            "OBJ_217"
         );
         dependencies = (
         );
         name = "ArgumentParserToolInfo";
         productName = "ArgumentParserToolInfo";
         productReference = "swift-argument-parser::ArgumentParserToolInfo::Product";
         productType = "com.apple.product-type.framework";
      };
      "swift-argument-parser::ArgumentParserToolInfo::Product" = {
         isa = "PBXFileReference";
         path = "ArgumentParserToolInfo.framework";
         sourceTree = "BUILT_PRODUCTS_DIR";
      };
      "swift-argument-parser::SwiftPMPackageDescription" = {
         isa = "PBXNativeTarget";
         buildConfigurationList = "OBJ_219";
         buildPhases = (
            "OBJ_222"
         );
         dependencies = (
         );
         name = "swift-argument-parserPackageDescription";
         productName = "swift-argument-parserPackageDescription";
         productType = "com.apple.product-type.framework";
      };
      "swiftcliupdatetool::SwiftPMPackageDescription" = {
         isa = "PBXNativeTarget";
         buildConfigurationList = "OBJ_240";
         buildPhases = (
            "OBJ_243"
         );
         dependencies = (
         );
         name = "swiftCLIUpdateToolPackageDescription";
         productName = "swiftCLIUpdateToolPackageDescription";
         productType = "com.apple.product-type.framework";
      };
      "swiftcliupdatetool::swiftCLIUpdateTool" = {
         isa = "PBXNativeTarget";
         buildConfigurationList = "OBJ_225";
         buildPhases = (
            "OBJ_228",
            "OBJ_232"
         );
         dependencies = (
            "OBJ_236",
            "OBJ_237",
            "OBJ_238"
         );
         name = "swiftCLIUpdateTool";
         productName = "swiftCLIUpdateTool";
         productReference = "swiftcliupdatetool::swiftCLIUpdateTool::Product";
         productType = "com.apple.product-type.tool";
      };
      "swiftcliupdatetool::swiftCLIUpdateTool::Product" = {
         isa = "PBXFileReference";
         path = "swiftCLIUpdateTool";
         sourceTree = "BUILT_PRODUCTS_DIR";
      };
      "swiftcliupdatetool::swiftCLIUpdateToolPackageTests::ProductTarget" = {
         isa = "PBXAggregateTarget";
         buildConfigurationList = "OBJ_246";
         buildPhases = (
         );
         dependencies = (
            "OBJ_249"
         );
         name = "swiftCLIUpdateToolPackageTests";
         productName = "swiftCLIUpdateToolPackageTests";
      };
      "swiftcliupdatetool::swiftCLIUpdateToolTests" = {
         isa = "PBXNativeTarget";
         buildConfigurationList = "OBJ_251";
         buildPhases = (
            "OBJ_254",
            "OBJ_256"
         );
         dependencies = (
            "OBJ_260",
            "OBJ_261",
            "OBJ_262",
            "OBJ_263"
         );
         name = "swiftCLIUpdateToolTests";
         productName = "swiftCLIUpdateToolTests";
         productReference = "swiftcliupdatetool::swiftCLIUpdateToolTests::Product";
         productType = "com.apple.product-type.bundle.unit-test";
      };
      "swiftcliupdatetool::swiftCLIUpdateToolTests::Product" = {
         isa = "PBXFileReference";
         path = "swiftCLIUpdateToolTests.xctest";
         sourceTree = "BUILT_PRODUCTS_DIR";
      };
   };
   rootObject = "OBJ_1";
}
